
Microsoft Visual Studio Solution File, Format Version 12.00
# Visual Studio Version 16
VisualStudioVersion = 16.0.30011.22
MinimumVisualStudioVersion = 10.0.40219.1
Project("{FAE04EC0-301F-11D3-BF4B-00C04F79EFBC}") = "TrackerLibrary", "TrackerLibrary\TrackerLibrary.csproj", "{92861557-9640-4285-BD67-D5849074330C}"
EndProject
Project("{FAE04EC0-301F-11D3-BF4B-00C04F79EFBC}") = "TrackerUI", "TrackerUI\TrackerUI.csproj", "{5ECC7AFC-C83B-4D7D-B186-CDDE88FEE795}"
EndProject
Global
	GlobalSection(SolutionConfigurationPlatforms) = preSolution
		Debug|Any CPU = Debug|Any CPU
		Release|Any CPU = Release|Any CPU
	EndGlobalSection
	GlobalSection(ProjectConfigurationPlatforms) = postSolution
		{92861557-9640-4285-BD67-D5849074330C}.Debug|Any CPU.ActiveCfg = Debug|Any CPU
		{92861557-9640-4285-BD67-D5849074330C}.Debug|Any CPU.Build.0 = Debug|Any CPU
		{92861557-9640-4285-BD67-D5849074330C}.Release|Any CPU.ActiveCfg = Release|Any CPU
		{92861557-9640-4285-BD67-D5849074330C}.Release|Any CPU.Build.0 = Release|Any CPU
		{5ECC7AFC-C83B-4D7D-B186-CDDE88FEE795}.Debug|Any CPU.ActiveCfg = Debug|Any CPU
		{5ECC7AFC-C83B-4D7D-B186-CDDE88FEE795}.Debug|Any CPU.Build.0 = Debug|Any CPU
		{5ECC7AFC-C83B-4D7D-B186-CDDE88FEE795}.Release|Any CPU.ActiveCfg = Release|Any CPU
		{5ECC7AFC-C83B-4D7D-B186-CDDE88FEE795}.Release|Any CPU.Build.0 = Release|Any CPU
	EndGlobalSection
	GlobalSection(SolutionProperties) = preSolution
		HideSolutionNode = FALSE
	EndGlobalSection
	GlobalSection(ExtensibilityGlobals) = postSolution
		SolutionGuid = {20CE2391-46D0-443C-B6A8-C65C65BFD15D}
	EndGlobalSection
EndGlobal
